
Microsoft Visual Studio Solution File, Format Version 12.00
# Visual Studio Version 17
VisualStudioVersion = 17.0.31919.166
MinimumVisualStudioVersion = 10.0.40219.1
Project("{FAE04EC0-301F-11D3-BF4B-00C04F79EFBC}") = "AccessModifiers", "AccessModifiers\AccessModifiers.csproj", "{CC8CC1E1-6066-4D8C-98D9-641003547E87}"
EndProject
Global
	GlobalSection(SolutionConfigurationPlatforms) = preSolution
		Debug|Any CPU = Debug|Any CPU
		Release|Any CPU = Release|Any CPU
	EndGlobalSection
	GlobalSection(ProjectConfigurationPlatforms) = postSolution
		{CC8CC1E1-6066-4D8C-98D9-641003547E87}.Debug|Any CPU.ActiveCfg = Debug|Any CPU
		{CC8CC1E1-6066-4D8C-98D9-641003547E87}.Debug|Any CPU.Build.0 = Debug|Any CPU
		{CC8CC1E1-6066-4D8C-98D9-641003547E87}.Release|Any CPU.ActiveCfg = Release|Any CPU
		{CC8CC1E1-6066-4D8C-98D9-641003547E87}.Release|Any CPU.Build.0 = Release|Any CPU
	EndGlobalSection
	GlobalSection(SolutionProperties) = preSolution
		HideSolutionNode = FALSE
	EndGlobalSection
	GlobalSection(ExtensibilityGlobals) = postSolution
		SolutionGuid = {733164C8-76AE-4969-AD19-CEEE5EB4307F}
	EndGlobalSection
EndGlobal
